{
  "name": "mn42-bridge",
  "lockfileVersion": 3,
  "requires": true,
  "packages": {
    "": {
      "name": "mn42-bridge",
      "version": "1.0.0",
      "license": "ISC",
      "dependencies": {
        "serialport": "^10.5.0",
        "osc": "^2.4.1",
        "jzz": "^1.5.9"
      }
    }
  }
}
